
Microsoft Visual Studio Solution File, Format Version 12.00
# Visual Studio 15
VisualStudioVersion = 15.0.28307.645
MinimumVisualStudioVersion = 10.0.40219.1
Project("{888888A0-9F3D-457C-B088-3A5042F75D52}") = "FullStackDjango", "FullStackDjango\FullStackDjango.pyproj", "{3BD9E4BC-4F92-41EE-BAD1-91E2A4656B36}"
EndProject
Global
	GlobalSection(SolutionConfigurationPlatforms) = preSolution
		Debug|Any CPU = Debug|Any CPU
		Release|Any CPU = Release|Any CPU
	EndGlobalSection
	GlobalSection(ProjectConfigurationPlatforms) = postSolution
		{3BD9E4BC-4F92-41EE-BAD1-91E2A4656B36}.Debug|Any CPU.ActiveCfg = Debug|Any CPU
		{3BD9E4BC-4F92-41EE-BAD1-91E2A4656B36}.Debug|Any CPU.Build.0 = Debug|Any CPU
		{3BD9E4BC-4F92-41EE-BAD1-91E2A4656B36}.Release|Any CPU.ActiveCfg = Release|Any CPU
		{3BD9E4BC-4F92-41EE-BAD1-91E2A4656B36}.Release|Any CPU.Build.0 = Release|Any CPU
	EndGlobalSection
	GlobalSection(SolutionProperties) = preSolution
		HideSolutionNode = FALSE
	EndGlobalSection
	GlobalSection(ExtensibilityGlobals) = postSolution
		SolutionGuid = {EA63CB7A-C26A-4189-836B-CC4F54B2B426}
	EndGlobalSection
EndGlobal
